
Microsoft Visual Studio Solution File, Format Version 12.00
# Visual Studio Version 16
VisualStudioVersion = 16.0.31005.135
MinimumVisualStudioVersion = 10.0.40219.1
Project("{FAE04EC0-301F-11D3-BF4B-00C04F79EFBC}") = "cw2", "cw2\cw2.csproj", "{50D14EE6-7527-4342-AF89-98D39C1FCCF4}"
EndProject
Global
	GlobalSection(SolutionConfigurationPlatforms) = preSolution
		Debug|Any CPU = Debug|Any CPU
		Release|Any CPU = Release|Any CPU
	EndGlobalSection
	GlobalSection(ProjectConfigurationPlatforms) = postSolution
		{50D14EE6-7527-4342-AF89-98D39C1FCCF4}.Debug|Any CPU.ActiveCfg = Debug|Any CPU
		{50D14EE6-7527-4342-AF89-98D39C1FCCF4}.Debug|Any CPU.Build.0 = Debug|Any CPU
		{50D14EE6-7527-4342-AF89-98D39C1FCCF4}.Release|Any CPU.ActiveCfg = Release|Any CPU
		{50D14EE6-7527-4342-AF89-98D39C1FCCF4}.Release|Any CPU.Build.0 = Release|Any CPU
	EndGlobalSection
	GlobalSection(SolutionProperties) = preSolution
		HideSolutionNode = FALSE
	EndGlobalSection
	GlobalSection(ExtensibilityGlobals) = postSolution
		SolutionGuid = {BA12D020-6AA6-4E8F-AD43-833ED2381A52}
	EndGlobalSection
EndGlobal
